
Microsoft Visual Studio Solution File, Format Version 12.00
# Visual Studio Version 16
VisualStudioVersion = 16.0.31624.102
MinimumVisualStudioVersion = 10.0.40219.1
Project("{FAE04EC0-301F-11D3-BF4B-00C04F79EFBC}") = "lab4_2", "lab4_2\lab4_2.csproj", "{D0B527CB-4F22-4F7B-8E66-545E2A6AEAB1}"
EndProject
Global
	GlobalSection(SolutionConfigurationPlatforms) = preSolution
		Debug|Any CPU = Debug|Any CPU
		Release|Any CPU = Release|Any CPU
	EndGlobalSection
	GlobalSection(ProjectConfigurationPlatforms) = postSolution
		{D0B527CB-4F22-4F7B-8E66-545E2A6AEAB1}.Debug|Any CPU.ActiveCfg = Debug|Any CPU
		{D0B527CB-4F22-4F7B-8E66-545E2A6AEAB1}.Debug|Any CPU.Build.0 = Debug|Any CPU
		{D0B527CB-4F22-4F7B-8E66-545E2A6AEAB1}.Release|Any CPU.ActiveCfg = Release|Any CPU
		{D0B527CB-4F22-4F7B-8E66-545E2A6AEAB1}.Release|Any CPU.Build.0 = Release|Any CPU
	EndGlobalSection
	GlobalSection(SolutionProperties) = preSolution
		HideSolutionNode = FALSE
	EndGlobalSection
	GlobalSection(ExtensibilityGlobals) = postSolution
		SolutionGuid = {DEA5C954-EB7B-44CE-ADC2-D73A8A61DF52}
	EndGlobalSection
EndGlobal
