
Microsoft Visual Studio Solution File, Format Version 12.00
# Visual Studio Version 16
VisualStudioVersion = 16.0.31624.102
MinimumVisualStudioVersion = 10.0.40219.1
Project("{FAE04EC0-301F-11D3-BF4B-00C04F79EFBC}") = "lab4_4", "lab4_4\lab4_4.csproj", "{673D1AE1-9B5C-4EAC-994A-1740DB0812C8}"
EndProject
Global
	GlobalSection(SolutionConfigurationPlatforms) = preSolution
		Debug|Any CPU = Debug|Any CPU
		Release|Any CPU = Release|Any CPU
	EndGlobalSection
	GlobalSection(ProjectConfigurationPlatforms) = postSolution
		{673D1AE1-9B5C-4EAC-994A-1740DB0812C8}.Debug|Any CPU.ActiveCfg = Debug|Any CPU
		{673D1AE1-9B5C-4EAC-994A-1740DB0812C8}.Debug|Any CPU.Build.0 = Debug|Any CPU
		{673D1AE1-9B5C-4EAC-994A-1740DB0812C8}.Release|Any CPU.ActiveCfg = Release|Any CPU
		{673D1AE1-9B5C-4EAC-994A-1740DB0812C8}.Release|Any CPU.Build.0 = Release|Any CPU
	EndGlobalSection
	GlobalSection(SolutionProperties) = preSolution
		HideSolutionNode = FALSE
	EndGlobalSection
	GlobalSection(ExtensibilityGlobals) = postSolution
		SolutionGuid = {526F09DC-2CD2-4A8D-9C6C-9B2C72B42E9D}
	EndGlobalSection
EndGlobal
