
Microsoft Visual Studio Solution File, Format Version 12.00
# Visual Studio Version 16
VisualStudioVersion = 16.0.31624.102
MinimumVisualStudioVersion = 10.0.40219.1
Project("{FAE04EC0-301F-11D3-BF4B-00C04F79EFBC}") = "lab4.1", "lab4\lab4.1.csproj", "{72A7BA0A-C05D-46AC-B4CD-5C8846550041}"
EndProject
Global
	GlobalSection(SolutionConfigurationPlatforms) = preSolution
		Debug|Any CPU = Debug|Any CPU
		Release|Any CPU = Release|Any CPU
	EndGlobalSection
	GlobalSection(ProjectConfigurationPlatforms) = postSolution
		{72A7BA0A-C05D-46AC-B4CD-5C8846550041}.Debug|Any CPU.ActiveCfg = Debug|Any CPU
		{72A7BA0A-C05D-46AC-B4CD-5C8846550041}.Debug|Any CPU.Build.0 = Debug|Any CPU
		{72A7BA0A-C05D-46AC-B4CD-5C8846550041}.Release|Any CPU.ActiveCfg = Release|Any CPU
		{72A7BA0A-C05D-46AC-B4CD-5C8846550041}.Release|Any CPU.Build.0 = Release|Any CPU
	EndGlobalSection
	GlobalSection(SolutionProperties) = preSolution
		HideSolutionNode = FALSE
	EndGlobalSection
	GlobalSection(ExtensibilityGlobals) = postSolution
		SolutionGuid = {27E73028-699A-4B20-810C-03F256B3FC59}
	EndGlobalSection
EndGlobal
